
Microsoft Visual Studio Solution File, Format Version 12.00
# Visual Studio 2013
VisualStudioVersion = 12.0.31101.0
MinimumVisualStudioVersion = 10.0.40219.1
Project("{FAE04EC0-301F-11D3-BF4B-00C04F79EFBC}") = "Hiperion", "Hiperion\Hiperion.csproj", "{D2376B24-AEF2-48FC-ABA9-83F75ECBC7EE}"
EndProject
Project("{FAE04EC0-301F-11D3-BF4B-00C04F79EFBC}") = "Hiperion.Tests", "Hiperion.Tests\Hiperion.Tests.csproj", "{8F9046AC-AE06-4FE6-A270-2600945C5305}"
EndProject
Global
	GlobalSection(SolutionConfigurationPlatforms) = preSolution
		Debug|Any CPU = Debug|Any CPU
		Release|Any CPU = Release|Any CPU
	EndGlobalSection
	GlobalSection(ProjectConfigurationPlatforms) = postSolution
		{D2376B24-AEF2-48FC-ABA9-83F75ECBC7EE}.Debug|Any CPU.ActiveCfg = Debug|Any CPU
		{D2376B24-AEF2-48FC-ABA9-83F75ECBC7EE}.Debug|Any CPU.Build.0 = Debug|Any CPU
		{D2376B24-AEF2-48FC-ABA9-83F75ECBC7EE}.Release|Any CPU.ActiveCfg = Release|Any CPU
		{D2376B24-AEF2-48FC-ABA9-83F75ECBC7EE}.Release|Any CPU.Build.0 = Release|Any CPU
		{8F9046AC-AE06-4FE6-A270-2600945C5305}.Debug|Any CPU.ActiveCfg = Debug|Any CPU
		{8F9046AC-AE06-4FE6-A270-2600945C5305}.Debug|Any CPU.Build.0 = Debug|Any CPU
		{8F9046AC-AE06-4FE6-A270-2600945C5305}.Release|Any CPU.ActiveCfg = Release|Any CPU
		{8F9046AC-AE06-4FE6-A270-2600945C5305}.Release|Any CPU.Build.0 = Release|Any CPU
	EndGlobalSection
	GlobalSection(SolutionProperties) = preSolution
		HideSolutionNode = FALSE
	EndGlobalSection
EndGlobal
